
Microsoft Visual Studio Solution File, Format Version 12.00
# Visual Studio Version 16
VisualStudioVersion = 16.0.32126.315
MinimumVisualStudioVersion = 10.0.40219.1
Project("{F184B08F-C81C-45F6-A57F-5ABD9991F28F}") = "201800605_IDIOMAS", "201800605_IDIOMAS\201800605_IDIOMAS.vbproj", "{DF82B1E9-329C-4EBD-A304-504E1E408890}"
EndProject
Global
	GlobalSection(SolutionConfigurationPlatforms) = preSolution
		Debug|Any CPU = Debug|Any CPU
		Release|Any CPU = Release|Any CPU
	EndGlobalSection
	GlobalSection(ProjectConfigurationPlatforms) = postSolution
		{DF82B1E9-329C-4EBD-A304-504E1E408890}.Debug|Any CPU.ActiveCfg = Debug|Any CPU
		{DF82B1E9-329C-4EBD-A304-504E1E408890}.Debug|Any CPU.Build.0 = Debug|Any CPU
		{DF82B1E9-329C-4EBD-A304-504E1E408890}.Release|Any CPU.ActiveCfg = Release|Any CPU
		{DF82B1E9-329C-4EBD-A304-504E1E408890}.Release|Any CPU.Build.0 = Release|Any CPU
	EndGlobalSection
	GlobalSection(SolutionProperties) = preSolution
		HideSolutionNode = FALSE
	EndGlobalSection
	GlobalSection(ExtensibilityGlobals) = postSolution
		SolutionGuid = {CC8CCC8E-7993-4739-9654-C840082CAB98}
	EndGlobalSection
EndGlobal
